
Microsoft Visual Studio Solution File, Format Version 12.00
# Visual Studio Version 17
VisualStudioVersion = 17.0.31717.71
MinimumVisualStudioVersion = 10.0.40219.1
Project("{FAE04EC0-301F-11D3-BF4B-00C04F79EFBC}") = "Hang_Man", "Hang_Man\Hang_Man.csproj", "{98110A83-EE50-4E6A-AA84-978131D24132}"
EndProject
Global
	GlobalSection(SolutionConfigurationPlatforms) = preSolution
		Debug|Any CPU = Debug|Any CPU
		Release|Any CPU = Release|Any CPU
	EndGlobalSection
	GlobalSection(ProjectConfigurationPlatforms) = postSolution
		{98110A83-EE50-4E6A-AA84-978131D24132}.Debug|Any CPU.ActiveCfg = Debug|Any CPU
		{98110A83-EE50-4E6A-AA84-978131D24132}.Debug|Any CPU.Build.0 = Debug|Any CPU
		{98110A83-EE50-4E6A-AA84-978131D24132}.Release|Any CPU.ActiveCfg = Release|Any CPU
		{98110A83-EE50-4E6A-AA84-978131D24132}.Release|Any CPU.Build.0 = Release|Any CPU
	EndGlobalSection
	GlobalSection(SolutionProperties) = preSolution
		HideSolutionNode = FALSE
	EndGlobalSection
	GlobalSection(ExtensibilityGlobals) = postSolution
		SolutionGuid = {C4D7BB26-B914-4635-9DD5-62C707EFD49F}
	EndGlobalSection
EndGlobal
